
Microsoft Visual Studio Solution File, Format Version 12.00
# Visual Studio Version 16
VisualStudioVersion = 25.0.1705.3
MinimumVisualStudioVersion = 10.0.40219.1
Project("{FAE04EC0-301F-11D3-BF4B-00C04F79EFBC}") = "Company.Application1", "src\Company.Application1.csproj", "{57B21418-610B-4201-B74D-5EC5ADDCBE43}"
EndProject
Project("{FAE04EC0-301F-11D3-BF4B-00C04F79EFBC}") = "Company.Application1.Tests", "test\Company.Application1.Tests.csproj", "{38AFCC8A-53B7-499E-B79C-A29C66DC5B2D}"
EndProject
Global
	GlobalSection(SolutionConfigurationPlatforms) = preSolution
		Debug|Any CPU = Debug|Any CPU
		Release|Any CPU = Release|Any CPU
	EndGlobalSection
	GlobalSection(SolutionProperties) = preSolution
		HideSolutionNode = FALSE
	EndGlobalSection
	GlobalSection(ProjectConfigurationPlatforms) = postSolution
		{C2EB395F-8336-46EF-84A4-7E0702C91FCC}.Debug|Any CPU.ActiveCfg = Debug|Any CPU
		{C2EB395F-8336-46EF-84A4-7E0702C91FCC}.Debug|Any CPU.Build.0 = Debug|Any CPU
		{C2EB395F-8336-46EF-84A4-7E0702C91FCC}.Release|Any CPU.ActiveCfg = Release|Any CPU
		{C2EB395F-8336-46EF-84A4-7E0702C91FCC}.Release|Any CPU.Build.0 = Release|Any CPU
		{496DD942-4494-4289-A50B-929CB54F5254}.Debug|Any CPU.ActiveCfg = Debug|Any CPU
		{496DD942-4494-4289-A50B-929CB54F5254}.Debug|Any CPU.Build.0 = Debug|Any CPU
		{496DD942-4494-4289-A50B-929CB54F5254}.Release|Any CPU.ActiveCfg = Release|Any CPU
		{496DD942-4494-4289-A50B-929CB54F5254}.Release|Any CPU.Build.0 = Release|Any CPU
		{86948662-46BC-4BA9-AB4E-C3A96967EAC8}.Debug|Any CPU.ActiveCfg = Debug|Any CPU
		{86948662-46BC-4BA9-AB4E-C3A96967EAC8}.Debug|Any CPU.Build.0 = Debug|Any CPU
		{86948662-46BC-4BA9-AB4E-C3A96967EAC8}.Release|Any CPU.ActiveCfg = Release|Any CPU
		{86948662-46BC-4BA9-AB4E-C3A96967EAC8}.Release|Any CPU.Build.0 = Release|Any CPU
		{57B21418-610B-4201-B74D-5EC5ADDCBE43}.Debug|Any CPU.ActiveCfg = Debug|Any CPU
		{57B21418-610B-4201-B74D-5EC5ADDCBE43}.Debug|Any CPU.Build.0 = Debug|Any CPU
		{57B21418-610B-4201-B74D-5EC5ADDCBE43}.Release|Any CPU.ActiveCfg = Release|Any CPU
		{57B21418-610B-4201-B74D-5EC5ADDCBE43}.Release|Any CPU.Build.0 = Release|Any CPU
		{38AFCC8A-53B7-499E-B79C-A29C66DC5B2D}.Debug|Any CPU.ActiveCfg = Debug|Any CPU
		{38AFCC8A-53B7-499E-B79C-A29C66DC5B2D}.Debug|Any CPU.Build.0 = Debug|Any CPU
		{38AFCC8A-53B7-499E-B79C-A29C66DC5B2D}.Release|Any CPU.ActiveCfg = Release|Any CPU
		{38AFCC8A-53B7-499E-B79C-A29C66DC5B2D}.Release|Any CPU.Build.0 = Release|Any CPU
	EndGlobalSection
	GlobalSection(NestedProjects) = preSolution
	EndGlobalSection
EndGlobal
